
Microsoft Visual Studio Solution File, Format Version 12.00
# Visual Studio Version 17
VisualStudioVersion = 17.7.34031.279
MinimumVisualStudioVersion = 10.0.40219.1
Project("{FAE04EC0-301F-11D3-BF4B-00C04F79EFBC}") = "SourceGeneratorNoob", "SourceGeneratorNoob\SourceGeneratorNoob.csproj", "{B8ADA60E-A497-4E0C-AACD-14E3AA92B9EA}"
EndProject
Project("{FAE04EC0-301F-11D3-BF4B-00C04F79EFBC}") = "SourceGenerator.Ops", "SourceGenerator.Ops\SourceGenerator.Ops.csproj", "{5A365086-0744-400E-85CB-12CDA16F678E}"
EndProject
Global
	GlobalSection(SolutionConfigurationPlatforms) = preSolution
		Debug|Any CPU = Debug|Any CPU
		Release|Any CPU = Release|Any CPU
	EndGlobalSection
	GlobalSection(ProjectConfigurationPlatforms) = postSolution
		{B8ADA60E-A497-4E0C-AACD-14E3AA92B9EA}.Debug|Any CPU.ActiveCfg = Debug|Any CPU
		{B8ADA60E-A497-4E0C-AACD-14E3AA92B9EA}.Debug|Any CPU.Build.0 = Debug|Any CPU
		{B8ADA60E-A497-4E0C-AACD-14E3AA92B9EA}.Release|Any CPU.ActiveCfg = Release|Any CPU
		{B8ADA60E-A497-4E0C-AACD-14E3AA92B9EA}.Release|Any CPU.Build.0 = Release|Any CPU
		{5A365086-0744-400E-85CB-12CDA16F678E}.Debug|Any CPU.ActiveCfg = Debug|Any CPU
		{5A365086-0744-400E-85CB-12CDA16F678E}.Debug|Any CPU.Build.0 = Debug|Any CPU
		{5A365086-0744-400E-85CB-12CDA16F678E}.Release|Any CPU.ActiveCfg = Release|Any CPU
		{5A365086-0744-400E-85CB-12CDA16F678E}.Release|Any CPU.Build.0 = Release|Any CPU
	EndGlobalSection
	GlobalSection(SolutionProperties) = preSolution
		HideSolutionNode = FALSE
	EndGlobalSection
	GlobalSection(ExtensibilityGlobals) = postSolution
		SolutionGuid = {50DA534B-71E8-431E-A06C-0CB6CC8A0880}
	EndGlobalSection
EndGlobal
